
Microsoft Visual Studio Solution File, Format Version 12.00
# Visual Studio Version 17
VisualStudioVersion = 17.2.32519.379
MinimumVisualStudioVersion = 10.0.40219.1
Project("{9A19103F-16F7-4668-BE54-9A1E7A4F7556}") = "net5.PatikaDev", "net5_PatikaDev\net5.PatikaDev.csproj", "{3B9EE9CF-4AC2-4223-8DF1-CDEAD97901A0}"
EndProject
Global
	GlobalSection(SolutionConfigurationPlatforms) = preSolution
		Debug|Any CPU = Debug|Any CPU
		Release|Any CPU = Release|Any CPU
	EndGlobalSection
	GlobalSection(ProjectConfigurationPlatforms) = postSolution
		{3B9EE9CF-4AC2-4223-8DF1-CDEAD97901A0}.Debug|Any CPU.ActiveCfg = Debug|Any CPU
		{3B9EE9CF-4AC2-4223-8DF1-CDEAD97901A0}.Debug|Any CPU.Build.0 = Debug|Any CPU
		{3B9EE9CF-4AC2-4223-8DF1-CDEAD97901A0}.Release|Any CPU.ActiveCfg = Release|Any CPU
		{3B9EE9CF-4AC2-4223-8DF1-CDEAD97901A0}.Release|Any CPU.Build.0 = Release|Any CPU
	EndGlobalSection
	GlobalSection(SolutionProperties) = preSolution
		HideSolutionNode = FALSE
	EndGlobalSection
	GlobalSection(ExtensibilityGlobals) = postSolution
		SolutionGuid = {17333841-F45D-4F72-9ECB-67419E128900}
	EndGlobalSection
EndGlobal
